
Microsoft Visual Studio Solution File, Format Version 12.00
Project("{FAE04EC0-301F-11D3-BF4B-00C04F79EFBC}") = "01_ClassFile", "01_ClassFile\01_ClassFile.csproj", "{C814FE97-66A2-44CB-9C5F-3865B27D7F5C}"
EndProject
Project("{FAE04EC0-301F-11D3-BF4B-00C04F79EFBC}") = "02_ClasseFileInfo", "02_ClasseFileInfo\02_ClasseFileInfo.csproj", "{8C9C5A5A-2058-4DA4-81C6-D16EA1808CA6}"
EndProject
Project("{FAE04EC0-301F-11D3-BF4B-00C04F79EFBC}") = "03_ClasseDirectory", "03_ClasseDirectory\03_ClasseDirectory.csproj", "{EE6F38CE-787F-48D9-ADB9-544FECC40EEF}"
EndProject
Project("{FAE04EC0-301F-11D3-BF4B-00C04F79EFBC}") = "04_ClasseDirectoryInfo", "04_ClasseDirectoryInfo\04_ClasseDirectoryInfo.csproj", "{AC42B3E7-EABD-410C-A3A4-1EBC172D26AD}"
EndProject
Project("{FAE04EC0-301F-11D3-BF4B-00C04F79EFBC}") = "05_ClassePath", "05_ClassePath\05_ClassePath.csproj", "{7989AE79-7719-48D2-BB8C-84D517F3B659}"
EndProject
Project("{FAE04EC0-301F-11D3-BF4B-00C04F79EFBC}") = "06_FIleStream", "06_FIleStream\06_FIleStream.csproj", "{B877F8AD-C5E9-495B-BC5E-C7DE0A863FE0}"
EndProject
Project("{FAE04EC0-301F-11D3-BF4B-00C04F79EFBC}") = "07_Exercicio_Stream", "07_Exercicio_Stream\07_Exercicio_Stream.csproj", "{FD4C0F1B-FD4A-406D-9737-C8069B89690A}"
EndProject
Global
	GlobalSection(SolutionConfigurationPlatforms) = preSolution
		Debug|Any CPU = Debug|Any CPU
		Release|Any CPU = Release|Any CPU
	EndGlobalSection
	GlobalSection(ProjectConfigurationPlatforms) = postSolution
		{C814FE97-66A2-44CB-9C5F-3865B27D7F5C}.Debug|Any CPU.ActiveCfg = Debug|Any CPU
		{C814FE97-66A2-44CB-9C5F-3865B27D7F5C}.Debug|Any CPU.Build.0 = Debug|Any CPU
		{C814FE97-66A2-44CB-9C5F-3865B27D7F5C}.Release|Any CPU.ActiveCfg = Release|Any CPU
		{C814FE97-66A2-44CB-9C5F-3865B27D7F5C}.Release|Any CPU.Build.0 = Release|Any CPU
		{8C9C5A5A-2058-4DA4-81C6-D16EA1808CA6}.Debug|Any CPU.ActiveCfg = Debug|Any CPU
		{8C9C5A5A-2058-4DA4-81C6-D16EA1808CA6}.Debug|Any CPU.Build.0 = Debug|Any CPU
		{8C9C5A5A-2058-4DA4-81C6-D16EA1808CA6}.Release|Any CPU.ActiveCfg = Release|Any CPU
		{8C9C5A5A-2058-4DA4-81C6-D16EA1808CA6}.Release|Any CPU.Build.0 = Release|Any CPU
		{EE6F38CE-787F-48D9-ADB9-544FECC40EEF}.Debug|Any CPU.ActiveCfg = Debug|Any CPU
		{EE6F38CE-787F-48D9-ADB9-544FECC40EEF}.Debug|Any CPU.Build.0 = Debug|Any CPU
		{EE6F38CE-787F-48D9-ADB9-544FECC40EEF}.Release|Any CPU.ActiveCfg = Release|Any CPU
		{EE6F38CE-787F-48D9-ADB9-544FECC40EEF}.Release|Any CPU.Build.0 = Release|Any CPU
		{AC42B3E7-EABD-410C-A3A4-1EBC172D26AD}.Debug|Any CPU.ActiveCfg = Debug|Any CPU
		{AC42B3E7-EABD-410C-A3A4-1EBC172D26AD}.Debug|Any CPU.Build.0 = Debug|Any CPU
		{AC42B3E7-EABD-410C-A3A4-1EBC172D26AD}.Release|Any CPU.ActiveCfg = Release|Any CPU
		{AC42B3E7-EABD-410C-A3A4-1EBC172D26AD}.Release|Any CPU.Build.0 = Release|Any CPU
		{7989AE79-7719-48D2-BB8C-84D517F3B659}.Debug|Any CPU.ActiveCfg = Debug|Any CPU
		{7989AE79-7719-48D2-BB8C-84D517F3B659}.Debug|Any CPU.Build.0 = Debug|Any CPU
		{7989AE79-7719-48D2-BB8C-84D517F3B659}.Release|Any CPU.ActiveCfg = Release|Any CPU
		{7989AE79-7719-48D2-BB8C-84D517F3B659}.Release|Any CPU.Build.0 = Release|Any CPU
		{B877F8AD-C5E9-495B-BC5E-C7DE0A863FE0}.Debug|Any CPU.ActiveCfg = Debug|Any CPU
		{B877F8AD-C5E9-495B-BC5E-C7DE0A863FE0}.Debug|Any CPU.Build.0 = Debug|Any CPU
		{B877F8AD-C5E9-495B-BC5E-C7DE0A863FE0}.Release|Any CPU.ActiveCfg = Release|Any CPU
		{B877F8AD-C5E9-495B-BC5E-C7DE0A863FE0}.Release|Any CPU.Build.0 = Release|Any CPU
		{FD4C0F1B-FD4A-406D-9737-C8069B89690A}.Debug|Any CPU.ActiveCfg = Debug|Any CPU
		{FD4C0F1B-FD4A-406D-9737-C8069B89690A}.Debug|Any CPU.Build.0 = Debug|Any CPU
		{FD4C0F1B-FD4A-406D-9737-C8069B89690A}.Release|Any CPU.ActiveCfg = Release|Any CPU
		{FD4C0F1B-FD4A-406D-9737-C8069B89690A}.Release|Any CPU.Build.0 = Release|Any CPU
	EndGlobalSection
EndGlobal
