
Microsoft Visual Studio Solution File, Format Version 12.00
# Visual Studio Version 17
VisualStudioVersion = 17.5.002.0
MinimumVisualStudioVersion = 10.0.40219.1
Project("{9A19103F-16F7-4668-BE54-9A1E7A4F7556}") = "08_Exercicio", "08_Exercicio.csproj", "{E3545B28-39B8-479D-988A-007CD802AA8D}"
EndProject
Global
	GlobalSection(SolutionConfigurationPlatforms) = preSolution
		Debug|Any CPU = Debug|Any CPU
		Release|Any CPU = Release|Any CPU
	EndGlobalSection
	GlobalSection(ProjectConfigurationPlatforms) = postSolution
		{E3545B28-39B8-479D-988A-007CD802AA8D}.Debug|Any CPU.ActiveCfg = Debug|Any CPU
		{E3545B28-39B8-479D-988A-007CD802AA8D}.Debug|Any CPU.Build.0 = Debug|Any CPU
		{E3545B28-39B8-479D-988A-007CD802AA8D}.Release|Any CPU.ActiveCfg = Release|Any CPU
		{E3545B28-39B8-479D-988A-007CD802AA8D}.Release|Any CPU.Build.0 = Release|Any CPU
	EndGlobalSection
	GlobalSection(SolutionProperties) = preSolution
		HideSolutionNode = FALSE
	EndGlobalSection
	GlobalSection(ExtensibilityGlobals) = postSolution
		SolutionGuid = {EAAE564B-33AF-4EA4-B669-F3B1164A3701}
	EndGlobalSection
EndGlobal
