
Microsoft Visual Studio Solution File, Format Version 12.00
# Visual Studio Version 17
VisualStudioVersion = 17.0.31903.59
MinimumVisualStudioVersion = 10.0.40219.1
Project("{FAE04EC0-301F-11D3-BF4B-00C04F79EFBC}") = "EX1", "EX1\EX1.csproj", "{1975959F-C076-4E1C-A9E2-633E1D5723E8}"
EndProject
Project("{FAE04EC0-301F-11D3-BF4B-00C04F79EFBC}") = "EX2", "EX2\EX2.csproj", "{C3C25777-27AA-4AE6-8173-40F4F050CB54}"
EndProject
Project("{FAE04EC0-301F-11D3-BF4B-00C04F79EFBC}") = "teste", "teste\teste.csproj", "{0CB2EA86-DBCB-4D97-BCF1-5C50DFBC1C3C}"
EndProject
Project("{FAE04EC0-301F-11D3-BF4B-00C04F79EFBC}") = "EX3", "EX3\EX3.csproj", "{4E734DF0-BE90-4715-A943-92531DFA2095}"
EndProject
Project("{FAE04EC0-301F-11D3-BF4B-00C04F79EFBC}") = "EX4", "EX4\EX4.csproj", "{442E40AA-0790-4165-BAE0-7F6F382A277B}"
EndProject
Global
	GlobalSection(SolutionConfigurationPlatforms) = preSolution
		Debug|Any CPU = Debug|Any CPU
		Release|Any CPU = Release|Any CPU
	EndGlobalSection
	GlobalSection(SolutionProperties) = preSolution
		HideSolutionNode = FALSE
	EndGlobalSection
	GlobalSection(ProjectConfigurationPlatforms) = postSolution
		{1975959F-C076-4E1C-A9E2-633E1D5723E8}.Debug|Any CPU.ActiveCfg = Debug|Any CPU
		{1975959F-C076-4E1C-A9E2-633E1D5723E8}.Debug|Any CPU.Build.0 = Debug|Any CPU
		{1975959F-C076-4E1C-A9E2-633E1D5723E8}.Release|Any CPU.ActiveCfg = Release|Any CPU
		{1975959F-C076-4E1C-A9E2-633E1D5723E8}.Release|Any CPU.Build.0 = Release|Any CPU
		{C3C25777-27AA-4AE6-8173-40F4F050CB54}.Debug|Any CPU.ActiveCfg = Debug|Any CPU
		{C3C25777-27AA-4AE6-8173-40F4F050CB54}.Debug|Any CPU.Build.0 = Debug|Any CPU
		{C3C25777-27AA-4AE6-8173-40F4F050CB54}.Release|Any CPU.ActiveCfg = Release|Any CPU
		{C3C25777-27AA-4AE6-8173-40F4F050CB54}.Release|Any CPU.Build.0 = Release|Any CPU
		{0CB2EA86-DBCB-4D97-BCF1-5C50DFBC1C3C}.Debug|Any CPU.ActiveCfg = Debug|Any CPU
		{0CB2EA86-DBCB-4D97-BCF1-5C50DFBC1C3C}.Debug|Any CPU.Build.0 = Debug|Any CPU
		{0CB2EA86-DBCB-4D97-BCF1-5C50DFBC1C3C}.Release|Any CPU.ActiveCfg = Release|Any CPU
		{0CB2EA86-DBCB-4D97-BCF1-5C50DFBC1C3C}.Release|Any CPU.Build.0 = Release|Any CPU
		{4E734DF0-BE90-4715-A943-92531DFA2095}.Debug|Any CPU.ActiveCfg = Debug|Any CPU
		{4E734DF0-BE90-4715-A943-92531DFA2095}.Debug|Any CPU.Build.0 = Debug|Any CPU
		{4E734DF0-BE90-4715-A943-92531DFA2095}.Release|Any CPU.ActiveCfg = Release|Any CPU
		{4E734DF0-BE90-4715-A943-92531DFA2095}.Release|Any CPU.Build.0 = Release|Any CPU
		{442E40AA-0790-4165-BAE0-7F6F382A277B}.Debug|Any CPU.ActiveCfg = Debug|Any CPU
		{442E40AA-0790-4165-BAE0-7F6F382A277B}.Debug|Any CPU.Build.0 = Debug|Any CPU
		{442E40AA-0790-4165-BAE0-7F6F382A277B}.Release|Any CPU.ActiveCfg = Release|Any CPU
		{442E40AA-0790-4165-BAE0-7F6F382A277B}.Release|Any CPU.Build.0 = Release|Any CPU
	EndGlobalSection
EndGlobal
