
Microsoft Visual Studio Solution File, Format Version 12.00
# Visual Studio Version 17
VisualStudioVersion = 17.0.31903.59
MinimumVisualStudioVersion = 10.0.40219.1
Project("{FAE04EC0-301F-11D3-BF4B-00C04F79EFBC}") = "EX1", "EX1\EX1.csproj", "{1975959F-C076-4E1C-A9E2-633E1D5723E8}"
EndProject
Project("{FAE04EC0-301F-11D3-BF4B-00C04F79EFBC}") = "EX2", "EX2\EX2.csproj", "{C3C25777-27AA-4AE6-8173-40F4F050CB54}"
EndProject
Project("{FAE04EC0-301F-11D3-BF4B-00C04F79EFBC}") = "teste", "teste\teste.csproj", "{0CB2EA86-DBCB-4D97-BCF1-5C50DFBC1C3C}"
EndProject
Project("{FAE04EC0-301F-11D3-BF4B-00C04F79EFBC}") = "EX3", "EX3\EX3.csproj", "{4E734DF0-BE90-4715-A943-92531DFA2095}"
EndProject
Project("{FAE04EC0-301F-11D3-BF4B-00C04F79EFBC}") = "EX4", "EX4\EX4.csproj", "{442E40AA-0790-4165-BAE0-7F6F382A277B}"
EndProject
Project("{FAE04EC0-301F-11D3-BF4B-00C04F79EFBC}") = "EX5", "EX5\EX5.csproj", "{A7F4E81E-01F8-4C66-A264-306628C64D12}"
EndProject
Project("{FAE04EC0-301F-11D3-BF4B-00C04F79EFBC}") = "EX6", "EX6\EX6.csproj", "{76269522-6645-4CC5-9917-2EE4D597F8C4}"
EndProject
Project("{FAE04EC0-301F-11D3-BF4B-00C04F79EFBC}") = "EX7", "EX7\EX7.csproj", "{E57ED971-2C58-4865-8E9E-EE0FE1AF062A}"
EndProject
Project("{FAE04EC0-301F-11D3-BF4B-00C04F79EFBC}") = "EX8", "EX8\EX8.csproj", "{90F96903-0E38-472C-96AF-BF739F60DC83}"
EndProject
Project("{FAE04EC0-301F-11D3-BF4B-00C04F79EFBC}") = "EX9", "EX9\EX9.csproj", "{0FB99C6E-A687-4529-B30C-C12F55B14E7C}"
EndProject
Project("{FAE04EC0-301F-11D3-BF4B-00C04F79EFBC}") = "EX10", "EX10\EX10.csproj", "{095FB9F0-477A-474D-A23C-698CCA82AC84}"
EndProject
Project("{FAE04EC0-301F-11D3-BF4B-00C04F79EFBC}") = "EX11", "EX11\EX11.csproj", "{117B3BC6-4928-4DB9-9D96-C070C5BCC792}"
EndProject
Project("{FAE04EC0-301F-11D3-BF4B-00C04F79EFBC}") = "EX12", "EX12\EX12.csproj", "{3D143812-64F7-4307-BE2C-B434E6AF7464}"
EndProject
Project("{FAE04EC0-301F-11D3-BF4B-00C04F79EFBC}") = "EX13", "EX13\EX13.csproj", "{72306BEF-46FA-48DF-B753-FFF95CB72873}"
EndProject
Global
	GlobalSection(SolutionConfigurationPlatforms) = preSolution
		Debug|Any CPU = Debug|Any CPU
		Release|Any CPU = Release|Any CPU
	EndGlobalSection
	GlobalSection(SolutionProperties) = preSolution
		HideSolutionNode = FALSE
	EndGlobalSection
	GlobalSection(ProjectConfigurationPlatforms) = postSolution
		{1975959F-C076-4E1C-A9E2-633E1D5723E8}.Debug|Any CPU.ActiveCfg = Debug|Any CPU
		{1975959F-C076-4E1C-A9E2-633E1D5723E8}.Debug|Any CPU.Build.0 = Debug|Any CPU
		{1975959F-C076-4E1C-A9E2-633E1D5723E8}.Release|Any CPU.ActiveCfg = Release|Any CPU
		{1975959F-C076-4E1C-A9E2-633E1D5723E8}.Release|Any CPU.Build.0 = Release|Any CPU
		{C3C25777-27AA-4AE6-8173-40F4F050CB54}.Debug|Any CPU.ActiveCfg = Debug|Any CPU
		{C3C25777-27AA-4AE6-8173-40F4F050CB54}.Debug|Any CPU.Build.0 = Debug|Any CPU
		{C3C25777-27AA-4AE6-8173-40F4F050CB54}.Release|Any CPU.ActiveCfg = Release|Any CPU
		{C3C25777-27AA-4AE6-8173-40F4F050CB54}.Release|Any CPU.Build.0 = Release|Any CPU
		{0CB2EA86-DBCB-4D97-BCF1-5C50DFBC1C3C}.Debug|Any CPU.ActiveCfg = Debug|Any CPU
		{0CB2EA86-DBCB-4D97-BCF1-5C50DFBC1C3C}.Debug|Any CPU.Build.0 = Debug|Any CPU
		{0CB2EA86-DBCB-4D97-BCF1-5C50DFBC1C3C}.Release|Any CPU.ActiveCfg = Release|Any CPU
		{0CB2EA86-DBCB-4D97-BCF1-5C50DFBC1C3C}.Release|Any CPU.Build.0 = Release|Any CPU
		{4E734DF0-BE90-4715-A943-92531DFA2095}.Debug|Any CPU.ActiveCfg = Debug|Any CPU
		{4E734DF0-BE90-4715-A943-92531DFA2095}.Debug|Any CPU.Build.0 = Debug|Any CPU
		{4E734DF0-BE90-4715-A943-92531DFA2095}.Release|Any CPU.ActiveCfg = Release|Any CPU
		{4E734DF0-BE90-4715-A943-92531DFA2095}.Release|Any CPU.Build.0 = Release|Any CPU
		{442E40AA-0790-4165-BAE0-7F6F382A277B}.Debug|Any CPU.ActiveCfg = Debug|Any CPU
		{442E40AA-0790-4165-BAE0-7F6F382A277B}.Debug|Any CPU.Build.0 = Debug|Any CPU
		{442E40AA-0790-4165-BAE0-7F6F382A277B}.Release|Any CPU.ActiveCfg = Release|Any CPU
		{442E40AA-0790-4165-BAE0-7F6F382A277B}.Release|Any CPU.Build.0 = Release|Any CPU
		{A7F4E81E-01F8-4C66-A264-306628C64D12}.Debug|Any CPU.ActiveCfg = Debug|Any CPU
		{A7F4E81E-01F8-4C66-A264-306628C64D12}.Debug|Any CPU.Build.0 = Debug|Any CPU
		{A7F4E81E-01F8-4C66-A264-306628C64D12}.Release|Any CPU.ActiveCfg = Release|Any CPU
		{A7F4E81E-01F8-4C66-A264-306628C64D12}.Release|Any CPU.Build.0 = Release|Any CPU
		{76269522-6645-4CC5-9917-2EE4D597F8C4}.Debug|Any CPU.ActiveCfg = Debug|Any CPU
		{76269522-6645-4CC5-9917-2EE4D597F8C4}.Debug|Any CPU.Build.0 = Debug|Any CPU
		{76269522-6645-4CC5-9917-2EE4D597F8C4}.Release|Any CPU.ActiveCfg = Release|Any CPU
		{76269522-6645-4CC5-9917-2EE4D597F8C4}.Release|Any CPU.Build.0 = Release|Any CPU
		{E57ED971-2C58-4865-8E9E-EE0FE1AF062A}.Debug|Any CPU.ActiveCfg = Debug|Any CPU
		{E57ED971-2C58-4865-8E9E-EE0FE1AF062A}.Debug|Any CPU.Build.0 = Debug|Any CPU
		{E57ED971-2C58-4865-8E9E-EE0FE1AF062A}.Release|Any CPU.ActiveCfg = Release|Any CPU
		{E57ED971-2C58-4865-8E9E-EE0FE1AF062A}.Release|Any CPU.Build.0 = Release|Any CPU
		{90F96903-0E38-472C-96AF-BF739F60DC83}.Debug|Any CPU.ActiveCfg = Debug|Any CPU
		{90F96903-0E38-472C-96AF-BF739F60DC83}.Debug|Any CPU.Build.0 = Debug|Any CPU
		{90F96903-0E38-472C-96AF-BF739F60DC83}.Release|Any CPU.ActiveCfg = Release|Any CPU
		{90F96903-0E38-472C-96AF-BF739F60DC83}.Release|Any CPU.Build.0 = Release|Any CPU
		{0FB99C6E-A687-4529-B30C-C12F55B14E7C}.Debug|Any CPU.ActiveCfg = Debug|Any CPU
		{0FB99C6E-A687-4529-B30C-C12F55B14E7C}.Debug|Any CPU.Build.0 = Debug|Any CPU
		{0FB99C6E-A687-4529-B30C-C12F55B14E7C}.Release|Any CPU.ActiveCfg = Release|Any CPU
		{0FB99C6E-A687-4529-B30C-C12F55B14E7C}.Release|Any CPU.Build.0 = Release|Any CPU
		{095FB9F0-477A-474D-A23C-698CCA82AC84}.Debug|Any CPU.ActiveCfg = Debug|Any CPU
		{095FB9F0-477A-474D-A23C-698CCA82AC84}.Debug|Any CPU.Build.0 = Debug|Any CPU
		{095FB9F0-477A-474D-A23C-698CCA82AC84}.Release|Any CPU.ActiveCfg = Release|Any CPU
		{095FB9F0-477A-474D-A23C-698CCA82AC84}.Release|Any CPU.Build.0 = Release|Any CPU
		{117B3BC6-4928-4DB9-9D96-C070C5BCC792}.Debug|Any CPU.ActiveCfg = Debug|Any CPU
		{117B3BC6-4928-4DB9-9D96-C070C5BCC792}.Debug|Any CPU.Build.0 = Debug|Any CPU
		{117B3BC6-4928-4DB9-9D96-C070C5BCC792}.Release|Any CPU.ActiveCfg = Release|Any CPU
		{117B3BC6-4928-4DB9-9D96-C070C5BCC792}.Release|Any CPU.Build.0 = Release|Any CPU
		{3D143812-64F7-4307-BE2C-B434E6AF7464}.Debug|Any CPU.ActiveCfg = Debug|Any CPU
		{3D143812-64F7-4307-BE2C-B434E6AF7464}.Debug|Any CPU.Build.0 = Debug|Any CPU
		{3D143812-64F7-4307-BE2C-B434E6AF7464}.Release|Any CPU.ActiveCfg = Release|Any CPU
		{3D143812-64F7-4307-BE2C-B434E6AF7464}.Release|Any CPU.Build.0 = Release|Any CPU
		{72306BEF-46FA-48DF-B753-FFF95CB72873}.Debug|Any CPU.ActiveCfg = Debug|Any CPU
		{72306BEF-46FA-48DF-B753-FFF95CB72873}.Debug|Any CPU.Build.0 = Debug|Any CPU
		{72306BEF-46FA-48DF-B753-FFF95CB72873}.Release|Any CPU.ActiveCfg = Release|Any CPU
		{72306BEF-46FA-48DF-B753-FFF95CB72873}.Release|Any CPU.Build.0 = Release|Any CPU
	EndGlobalSection
EndGlobal
