
Microsoft Visual Studio Solution File, Format Version 12.00
# Visual Studio Version 17
VisualStudioVersion = 17.0.31903.59
MinimumVisualStudioVersion = 10.0.40219.1
Project("{FAE04EC0-301F-11D3-BF4B-00C04F79EFBC}") = "01Classes", "1Classes\01Classes.csproj", "{B7FC182A-7369-4A3B-969C-75160F2D4861}"
EndProject
Project("{FAE04EC0-301F-11D3-BF4B-00C04F79EFBC}") = "02Metodos", "2Metodos\02Metodos.csproj", "{1493816A-10E8-4092-8729-B2D13DA525E3}"
EndProject
Project("{FAE04EC0-301F-11D3-BF4B-00C04F79EFBC}") = "03MetodosComParametro", "3MetodosComParametro\03MetodosComParametro.csproj", "{330458EE-D49C-4051-AF01-62586572465B}"
EndProject
Project("{FAE04EC0-301F-11D3-BF4B-00C04F79EFBC}") = "04PassandoParametro", "4PassandoParametro\04PassandoParametro.csproj", "{721B51C7-3B46-4572-9775-1EF33AF7FA0C}"
EndProject
Project("{FAE04EC0-301F-11D3-BF4B-00C04F79EFBC}") = "05Construtor", "5Construtor\05Construtor.csproj", "{8D8CAC33-9D3F-459F-97B5-5F8EADBCA605}"
EndProject
Project("{FAE04EC0-301F-11D3-BF4B-00C04F79EFBC}") = "06This", "6This\06This.csproj", "{355359E2-4F7C-420C-B809-69C89FADE22B}"
EndProject
Project("{FAE04EC0-301F-11D3-BF4B-00C04F79EFBC}") = "07ReturnI", "7ReturnI\07ReturnI.csproj", "{B607FB9D-A1FB-4325-B690-1EC41E74459E}"
EndProject
Project("{FAE04EC0-301F-11D3-BF4B-00C04F79EFBC}") = "08ReturnII", "8ReturnII\08ReturnII.csproj", "{271EEAFB-1048-477E-8882-7DE74AA302BF}"
EndProject
Project("{FAE04EC0-301F-11D3-BF4B-00C04F79EFBC}") = "09ExemploPratico", "9ExemploPratico\09ExemploPratico.csproj", "{BC617306-9CE0-45DE-A297-D5DEA3E9E01E}"
EndProject
Project("{FAE04EC0-301F-11D3-BF4B-00C04F79EFBC}") = "10PassandoArgumentosPorValor", "10PassandoArgumentosPorValor\10PassandoArgumentosPorValor.csproj", "{A8BE8184-9C7D-4445-BA90-CE0706B942BF}"
EndProject
Project("{FAE04EC0-301F-11D3-BF4B-00C04F79EFBC}") = "11PassandoArgumentosPorReferencia", "11PassandoArgumentosPorReferencia\11PassandoArgumentosPorReferencia.csproj", "{D6C76306-3C84-40AB-91DF-97F7D9D50F59}"
EndProject
Project("{FAE04EC0-301F-11D3-BF4B-00C04F79EFBC}") = "0ExecicioPrincipal", "0ExecicioPrincipal\0ExecicioPrincipal.csproj", "{49363610-E46C-4E5A-963E-3EC79A326FA8}"
EndProject
Project("{FAE04EC0-301F-11D3-BF4B-00C04F79EFBC}") = "12PassandoParametroOut", "12PassandoParametroOut\12PassandoParametroOut.csproj", "{AB512449-953E-4660-A4FB-B35703A66C2F}"
EndProject
Project("{FAE04EC0-301F-11D3-BF4B-00C04F79EFBC}") = "13ArgumentosNomeados", "13ArgumentosNomeados\13ArgumentosNomeados.csproj", "{78D66555-1B98-45CA-A4C2-6910B47C6AD5}"
EndProject
Project("{FAE04EC0-301F-11D3-BF4B-00C04F79EFBC}") = "14ParametrosOpcionais", "14ParametrosOpcionais\14ParametrosOpcionais.csproj", "{2DDA953D-4CED-4256-AE5B-E0834223A52D}"
EndProject
Project("{FAE04EC0-301F-11D3-BF4B-00C04F79EFBC}") = "Testes", "Testes\Testes.csproj", "{86B48CA1-DE98-431A-AB55-C9046121C4FC}"
EndProject
Project("{FAE04EC0-301F-11D3-BF4B-00C04F79EFBC}") = "15MetodosEstaticos", "15MetodosEstaticos\15MetodosEstaticos.csproj", "{166CCEE8-E687-4DD5-9899-01A85019539D}"
EndProject
Project("{FAE04EC0-301F-11D3-BF4B-00C04F79EFBC}") = "16CamposEstaticos", "16CamposEstaticos\16CamposEstaticos.csproj", "{71C2F621-89C0-4B80-A3AA-BA22A1575AB1}"
EndProject
Project("{FAE04EC0-301F-11D3-BF4B-00C04F79EFBC}") = "17ExercicioCampoEstatico", "17ExercicioCampoEstatico\17ExercicioCampoEstatico.csproj", "{6C8078E7-760C-4AB3-AD19-0A5FFEFDB838}"
EndProject
Project("{FAE04EC0-301F-11D3-BF4B-00C04F79EFBC}") = "18ConstrutorEstatico", "18ConstrutorEstatico\18ConstrutorEstatico.csproj", "{2CB9EC92-82A1-410C-9AF7-5E0185050734}"
EndProject
Project("{FAE04EC0-301F-11D3-BF4B-00C04F79EFBC}") = "19Propriedade", "Propriedade\19Propriedade.csproj", "{1E996109-2997-476D-BF34-B6B385A313E5}"
EndProject
Project("{FAE04EC0-301F-11D3-BF4B-00C04F79EFBC}") = "20Struct", "20Struct\20Struct.csproj", "{33AAE788-A442-40C8-BFF5-FEAE9D6EC4C2}"
EndProject
Project("{FAE04EC0-301F-11D3-BF4B-00C04F79EFBC}") = "21Enum", "21Enum\21Enum.csproj", "{3A4E84DC-8572-4B11-8D11-C51FC199CA90}"
EndProject
Project("{FAE04EC0-301F-11D3-BF4B-00C04F79EFBC}") = "22ModificadoresAcesso", "22ModificadoresAcesso\22ModificadoresAcesso.csproj", "{A6D60006-7A47-427A-80DE-6820117BE5F5}"
EndProject
Project("{FAE04EC0-301F-11D3-BF4B-00C04F79EFBC}") = "23TryCatch", "23TryCatch\23TryCatch.csproj", "{B9A17304-DF48-4DEB-B1F6-A3CEACDBF150}"
EndProject
Project("{FAE04EC0-301F-11D3-BF4B-00C04F79EFBC}") = "24TiposAnonimos", "24TiposAnonimos\24TiposAnonimos.csproj", "{4CC69183-27DE-45E5-8D09-08170C0DA6F1}"
EndProject
Project("{FAE04EC0-301F-11D3-BF4B-00C04F79EFBC}") = "25PartialClass", "25PartialClass\25PartialClass.csproj", "{EBAA6A69-1C9D-4207-A557-31351569FEAE}"
EndProject
Global
	GlobalSection(SolutionConfigurationPlatforms) = preSolution
		Debug|Any CPU = Debug|Any CPU
		Release|Any CPU = Release|Any CPU
	EndGlobalSection
	GlobalSection(ProjectConfigurationPlatforms) = postSolution
		{B7FC182A-7369-4A3B-969C-75160F2D4861}.Debug|Any CPU.ActiveCfg = Debug|Any CPU
		{B7FC182A-7369-4A3B-969C-75160F2D4861}.Debug|Any CPU.Build.0 = Debug|Any CPU
		{B7FC182A-7369-4A3B-969C-75160F2D4861}.Release|Any CPU.ActiveCfg = Release|Any CPU
		{B7FC182A-7369-4A3B-969C-75160F2D4861}.Release|Any CPU.Build.0 = Release|Any CPU
		{1493816A-10E8-4092-8729-B2D13DA525E3}.Debug|Any CPU.ActiveCfg = Debug|Any CPU
		{1493816A-10E8-4092-8729-B2D13DA525E3}.Debug|Any CPU.Build.0 = Debug|Any CPU
		{1493816A-10E8-4092-8729-B2D13DA525E3}.Release|Any CPU.ActiveCfg = Release|Any CPU
		{1493816A-10E8-4092-8729-B2D13DA525E3}.Release|Any CPU.Build.0 = Release|Any CPU
		{330458EE-D49C-4051-AF01-62586572465B}.Debug|Any CPU.ActiveCfg = Debug|Any CPU
		{330458EE-D49C-4051-AF01-62586572465B}.Debug|Any CPU.Build.0 = Debug|Any CPU
		{330458EE-D49C-4051-AF01-62586572465B}.Release|Any CPU.ActiveCfg = Release|Any CPU
		{330458EE-D49C-4051-AF01-62586572465B}.Release|Any CPU.Build.0 = Release|Any CPU
		{721B51C7-3B46-4572-9775-1EF33AF7FA0C}.Debug|Any CPU.ActiveCfg = Debug|Any CPU
		{721B51C7-3B46-4572-9775-1EF33AF7FA0C}.Debug|Any CPU.Build.0 = Debug|Any CPU
		{721B51C7-3B46-4572-9775-1EF33AF7FA0C}.Release|Any CPU.ActiveCfg = Release|Any CPU
		{721B51C7-3B46-4572-9775-1EF33AF7FA0C}.Release|Any CPU.Build.0 = Release|Any CPU
		{8D8CAC33-9D3F-459F-97B5-5F8EADBCA605}.Debug|Any CPU.ActiveCfg = Debug|Any CPU
		{8D8CAC33-9D3F-459F-97B5-5F8EADBCA605}.Debug|Any CPU.Build.0 = Debug|Any CPU
		{8D8CAC33-9D3F-459F-97B5-5F8EADBCA605}.Release|Any CPU.ActiveCfg = Release|Any CPU
		{8D8CAC33-9D3F-459F-97B5-5F8EADBCA605}.Release|Any CPU.Build.0 = Release|Any CPU
		{355359E2-4F7C-420C-B809-69C89FADE22B}.Debug|Any CPU.ActiveCfg = Debug|Any CPU
		{355359E2-4F7C-420C-B809-69C89FADE22B}.Debug|Any CPU.Build.0 = Debug|Any CPU
		{355359E2-4F7C-420C-B809-69C89FADE22B}.Release|Any CPU.ActiveCfg = Release|Any CPU
		{355359E2-4F7C-420C-B809-69C89FADE22B}.Release|Any CPU.Build.0 = Release|Any CPU
		{B607FB9D-A1FB-4325-B690-1EC41E74459E}.Debug|Any CPU.ActiveCfg = Debug|Any CPU
		{B607FB9D-A1FB-4325-B690-1EC41E74459E}.Debug|Any CPU.Build.0 = Debug|Any CPU
		{B607FB9D-A1FB-4325-B690-1EC41E74459E}.Release|Any CPU.ActiveCfg = Release|Any CPU
		{B607FB9D-A1FB-4325-B690-1EC41E74459E}.Release|Any CPU.Build.0 = Release|Any CPU
		{271EEAFB-1048-477E-8882-7DE74AA302BF}.Debug|Any CPU.ActiveCfg = Debug|Any CPU
		{271EEAFB-1048-477E-8882-7DE74AA302BF}.Debug|Any CPU.Build.0 = Debug|Any CPU
		{271EEAFB-1048-477E-8882-7DE74AA302BF}.Release|Any CPU.ActiveCfg = Release|Any CPU
		{271EEAFB-1048-477E-8882-7DE74AA302BF}.Release|Any CPU.Build.0 = Release|Any CPU
		{BC617306-9CE0-45DE-A297-D5DEA3E9E01E}.Debug|Any CPU.ActiveCfg = Debug|Any CPU
		{BC617306-9CE0-45DE-A297-D5DEA3E9E01E}.Debug|Any CPU.Build.0 = Debug|Any CPU
		{BC617306-9CE0-45DE-A297-D5DEA3E9E01E}.Release|Any CPU.ActiveCfg = Release|Any CPU
		{BC617306-9CE0-45DE-A297-D5DEA3E9E01E}.Release|Any CPU.Build.0 = Release|Any CPU
		{A8BE8184-9C7D-4445-BA90-CE0706B942BF}.Debug|Any CPU.ActiveCfg = Debug|Any CPU
		{A8BE8184-9C7D-4445-BA90-CE0706B942BF}.Debug|Any CPU.Build.0 = Debug|Any CPU
		{A8BE8184-9C7D-4445-BA90-CE0706B942BF}.Release|Any CPU.ActiveCfg = Release|Any CPU
		{A8BE8184-9C7D-4445-BA90-CE0706B942BF}.Release|Any CPU.Build.0 = Release|Any CPU
		{D6C76306-3C84-40AB-91DF-97F7D9D50F59}.Debug|Any CPU.ActiveCfg = Debug|Any CPU
		{D6C76306-3C84-40AB-91DF-97F7D9D50F59}.Debug|Any CPU.Build.0 = Debug|Any CPU
		{D6C76306-3C84-40AB-91DF-97F7D9D50F59}.Release|Any CPU.ActiveCfg = Release|Any CPU
		{D6C76306-3C84-40AB-91DF-97F7D9D50F59}.Release|Any CPU.Build.0 = Release|Any CPU
		{49363610-E46C-4E5A-963E-3EC79A326FA8}.Debug|Any CPU.ActiveCfg = Debug|Any CPU
		{49363610-E46C-4E5A-963E-3EC79A326FA8}.Debug|Any CPU.Build.0 = Debug|Any CPU
		{49363610-E46C-4E5A-963E-3EC79A326FA8}.Release|Any CPU.ActiveCfg = Release|Any CPU
		{49363610-E46C-4E5A-963E-3EC79A326FA8}.Release|Any CPU.Build.0 = Release|Any CPU
		{AB512449-953E-4660-A4FB-B35703A66C2F}.Debug|Any CPU.ActiveCfg = Debug|Any CPU
		{AB512449-953E-4660-A4FB-B35703A66C2F}.Debug|Any CPU.Build.0 = Debug|Any CPU
		{AB512449-953E-4660-A4FB-B35703A66C2F}.Release|Any CPU.ActiveCfg = Release|Any CPU
		{AB512449-953E-4660-A4FB-B35703A66C2F}.Release|Any CPU.Build.0 = Release|Any CPU
		{78D66555-1B98-45CA-A4C2-6910B47C6AD5}.Debug|Any CPU.ActiveCfg = Debug|Any CPU
		{78D66555-1B98-45CA-A4C2-6910B47C6AD5}.Debug|Any CPU.Build.0 = Debug|Any CPU
		{78D66555-1B98-45CA-A4C2-6910B47C6AD5}.Release|Any CPU.ActiveCfg = Release|Any CPU
		{78D66555-1B98-45CA-A4C2-6910B47C6AD5}.Release|Any CPU.Build.0 = Release|Any CPU
		{2DDA953D-4CED-4256-AE5B-E0834223A52D}.Debug|Any CPU.ActiveCfg = Debug|Any CPU
		{2DDA953D-4CED-4256-AE5B-E0834223A52D}.Debug|Any CPU.Build.0 = Debug|Any CPU
		{2DDA953D-4CED-4256-AE5B-E0834223A52D}.Release|Any CPU.ActiveCfg = Release|Any CPU
		{2DDA953D-4CED-4256-AE5B-E0834223A52D}.Release|Any CPU.Build.0 = Release|Any CPU
		{86B48CA1-DE98-431A-AB55-C9046121C4FC}.Debug|Any CPU.ActiveCfg = Debug|Any CPU
		{86B48CA1-DE98-431A-AB55-C9046121C4FC}.Debug|Any CPU.Build.0 = Debug|Any CPU
		{86B48CA1-DE98-431A-AB55-C9046121C4FC}.Release|Any CPU.ActiveCfg = Release|Any CPU
		{86B48CA1-DE98-431A-AB55-C9046121C4FC}.Release|Any CPU.Build.0 = Release|Any CPU
		{166CCEE8-E687-4DD5-9899-01A85019539D}.Debug|Any CPU.ActiveCfg = Debug|Any CPU
		{166CCEE8-E687-4DD5-9899-01A85019539D}.Debug|Any CPU.Build.0 = Debug|Any CPU
		{166CCEE8-E687-4DD5-9899-01A85019539D}.Release|Any CPU.ActiveCfg = Release|Any CPU
		{166CCEE8-E687-4DD5-9899-01A85019539D}.Release|Any CPU.Build.0 = Release|Any CPU
		{71C2F621-89C0-4B80-A3AA-BA22A1575AB1}.Debug|Any CPU.ActiveCfg = Debug|Any CPU
		{71C2F621-89C0-4B80-A3AA-BA22A1575AB1}.Debug|Any CPU.Build.0 = Debug|Any CPU
		{71C2F621-89C0-4B80-A3AA-BA22A1575AB1}.Release|Any CPU.ActiveCfg = Release|Any CPU
		{71C2F621-89C0-4B80-A3AA-BA22A1575AB1}.Release|Any CPU.Build.0 = Release|Any CPU
		{6C8078E7-760C-4AB3-AD19-0A5FFEFDB838}.Debug|Any CPU.ActiveCfg = Debug|Any CPU
		{6C8078E7-760C-4AB3-AD19-0A5FFEFDB838}.Debug|Any CPU.Build.0 = Debug|Any CPU
		{6C8078E7-760C-4AB3-AD19-0A5FFEFDB838}.Release|Any CPU.ActiveCfg = Release|Any CPU
		{6C8078E7-760C-4AB3-AD19-0A5FFEFDB838}.Release|Any CPU.Build.0 = Release|Any CPU
		{2CB9EC92-82A1-410C-9AF7-5E0185050734}.Debug|Any CPU.ActiveCfg = Debug|Any CPU
		{2CB9EC92-82A1-410C-9AF7-5E0185050734}.Debug|Any CPU.Build.0 = Debug|Any CPU
		{2CB9EC92-82A1-410C-9AF7-5E0185050734}.Release|Any CPU.ActiveCfg = Release|Any CPU
		{2CB9EC92-82A1-410C-9AF7-5E0185050734}.Release|Any CPU.Build.0 = Release|Any CPU
		{1E996109-2997-476D-BF34-B6B385A313E5}.Debug|Any CPU.ActiveCfg = Debug|Any CPU
		{1E996109-2997-476D-BF34-B6B385A313E5}.Debug|Any CPU.Build.0 = Debug|Any CPU
		{1E996109-2997-476D-BF34-B6B385A313E5}.Release|Any CPU.ActiveCfg = Release|Any CPU
		{1E996109-2997-476D-BF34-B6B385A313E5}.Release|Any CPU.Build.0 = Release|Any CPU
		{33AAE788-A442-40C8-BFF5-FEAE9D6EC4C2}.Debug|Any CPU.ActiveCfg = Debug|Any CPU
		{33AAE788-A442-40C8-BFF5-FEAE9D6EC4C2}.Debug|Any CPU.Build.0 = Debug|Any CPU
		{33AAE788-A442-40C8-BFF5-FEAE9D6EC4C2}.Release|Any CPU.ActiveCfg = Release|Any CPU
		{33AAE788-A442-40C8-BFF5-FEAE9D6EC4C2}.Release|Any CPU.Build.0 = Release|Any CPU
		{3A4E84DC-8572-4B11-8D11-C51FC199CA90}.Debug|Any CPU.ActiveCfg = Debug|Any CPU
		{3A4E84DC-8572-4B11-8D11-C51FC199CA90}.Debug|Any CPU.Build.0 = Debug|Any CPU
		{3A4E84DC-8572-4B11-8D11-C51FC199CA90}.Release|Any CPU.ActiveCfg = Release|Any CPU
		{3A4E84DC-8572-4B11-8D11-C51FC199CA90}.Release|Any CPU.Build.0 = Release|Any CPU
		{A6D60006-7A47-427A-80DE-6820117BE5F5}.Debug|Any CPU.ActiveCfg = Debug|Any CPU
		{A6D60006-7A47-427A-80DE-6820117BE5F5}.Debug|Any CPU.Build.0 = Debug|Any CPU
		{A6D60006-7A47-427A-80DE-6820117BE5F5}.Release|Any CPU.ActiveCfg = Release|Any CPU
		{A6D60006-7A47-427A-80DE-6820117BE5F5}.Release|Any CPU.Build.0 = Release|Any CPU
		{B9A17304-DF48-4DEB-B1F6-A3CEACDBF150}.Debug|Any CPU.ActiveCfg = Debug|Any CPU
		{B9A17304-DF48-4DEB-B1F6-A3CEACDBF150}.Debug|Any CPU.Build.0 = Debug|Any CPU
		{B9A17304-DF48-4DEB-B1F6-A3CEACDBF150}.Release|Any CPU.ActiveCfg = Release|Any CPU
		{B9A17304-DF48-4DEB-B1F6-A3CEACDBF150}.Release|Any CPU.Build.0 = Release|Any CPU
		{4CC69183-27DE-45E5-8D09-08170C0DA6F1}.Debug|Any CPU.ActiveCfg = Debug|Any CPU
		{4CC69183-27DE-45E5-8D09-08170C0DA6F1}.Debug|Any CPU.Build.0 = Debug|Any CPU
		{4CC69183-27DE-45E5-8D09-08170C0DA6F1}.Release|Any CPU.ActiveCfg = Release|Any CPU
		{4CC69183-27DE-45E5-8D09-08170C0DA6F1}.Release|Any CPU.Build.0 = Release|Any CPU
		{EBAA6A69-1C9D-4207-A557-31351569FEAE}.Debug|Any CPU.ActiveCfg = Debug|Any CPU
		{EBAA6A69-1C9D-4207-A557-31351569FEAE}.Debug|Any CPU.Build.0 = Debug|Any CPU
		{EBAA6A69-1C9D-4207-A557-31351569FEAE}.Release|Any CPU.ActiveCfg = Release|Any CPU
		{EBAA6A69-1C9D-4207-A557-31351569FEAE}.Release|Any CPU.Build.0 = Release|Any CPU
	EndGlobalSection
	GlobalSection(SolutionProperties) = preSolution
		HideSolutionNode = FALSE
	EndGlobalSection
EndGlobal
