
Microsoft Visual Studio Solution File, Format Version 12.00
# Visual Studio Version 17
VisualStudioVersion = 17.11.35219.272
MinimumVisualStudioVersion = 10.0.40219.1
Project("{9A19103F-16F7-4668-BE54-9A1E7A4F7556}") = "01_Herenca", "01_Herenca\01_Herenca.csproj", "{CF8B7D85-699B-44C5-AA6C-E0E8DA2CCD45}"
EndProject
Project("{9A19103F-16F7-4668-BE54-9A1E7A4F7556}") = "02_Herenca_Modificador", "02_Herenca_Modificador\02_Herenca_Modificador.csproj", "{B54344E0-B357-4CF7-BF2D-A392D393AEE0}"
EndProject
Project("{9A19103F-16F7-4668-BE54-9A1E7A4F7556}") = "03_Herenca_Construtores", "03_Herenca_Construtores\03_Herenca_Construtores.csproj", "{316DAB5A-9566-4169-B6D9-53F05808F7A8}"
EndProject
Project("{9A19103F-16F7-4668-BE54-9A1E7A4F7556}") = "04_Herenca_Object", "04_Herenca_Object\04_Herenca_Object.csproj", "{F624B7E3-42A6-4634-AD54-DF6EDBC97C74}"
EndProject
Project("{9A19103F-16F7-4668-BE54-9A1E7A4F7556}") = "05_Herenca_New", "05_Herenca_New\05_Herenca_New.csproj", "{E05AD893-2F93-4CA7-AC0A-456339B3C756}"
EndProject
Project("{9A19103F-16F7-4668-BE54-9A1E7A4F7556}") = "06_Herenca_Override_Virtual", "06_Herenca_Override_Virtual\06_Herenca_Override_Virtual.csproj", "{68BAA0A1-7796-41AE-AC75-C9A3B71F875F}"
EndProject
Project("{9A19103F-16F7-4668-BE54-9A1E7A4F7556}") = "07_Herenca_Sealed", "07_Herenca_Sealed\07_Herenca_Sealed.csproj", "{00ECEBEF-1F7B-47FC-8BB0-A2D4E1875225}"
EndProject
Project("{9A19103F-16F7-4668-BE54-9A1E7A4F7556}") = "08_Exercicio", "08_Exercicio\08_Exercicio.csproj", "{E312F674-ED2E-4098-89B0-BABB92FCF8D0}"
EndProject
Project("{9A19103F-16F7-4668-BE54-9A1E7A4F7556}") = "09_TiposDeHeranca", "09_TiposDeHeranca\09_TiposDeHeranca.csproj", "{A1945D18-0334-4445-B411-BADB792B0FC5}"
EndProject
Project("{9A19103F-16F7-4668-BE54-9A1E7A4F7556}") = "10_Upcasting_Downcasting", "10_Upcasting_Downcasting\10_Upcasting_Downcasting.csproj", "{EA87EF8C-9DDA-479F-928F-3321031C293B}"
EndProject
Project("{9A19103F-16F7-4668-BE54-9A1E7A4F7556}") = "11_Operador_Is_As", "11_Operador_Is_As\11_Operador_Is_As.csproj", "{330076CC-45A4-427D-89D9-C6E6FC96263B}"
EndProject
Project("{9A19103F-16F7-4668-BE54-9A1E7A4F7556}") = "12_Modificadro_Abstract", "12_Modificadro_Abstract\12_Modificadro_Abstract.csproj", "{6AE74BE9-50C0-41F2-A96B-D53D01CDDFD8}"
EndProject
Project("{FAE04EC0-301F-11D3-BF4B-00C04F79EFBC}") = "13_Interface", "13_Interface\13_Interface.csproj", "{094BAF24-2D2B-4099-BC89-3F352E5CF3CC}"
EndProject
Project("{FAE04EC0-301F-11D3-BF4B-00C04F79EFBC}") = "14_Exercicio", "14_Exercicio\14_Exercicio.csproj", "{03A38308-4D00-41DC-B8A1-A236029D32E8}"
EndProject
Global
	GlobalSection(SolutionConfigurationPlatforms) = preSolution
		Debug|Any CPU = Debug|Any CPU
		Release|Any CPU = Release|Any CPU
	EndGlobalSection
	GlobalSection(ProjectConfigurationPlatforms) = postSolution
		{CF8B7D85-699B-44C5-AA6C-E0E8DA2CCD45}.Debug|Any CPU.ActiveCfg = Debug|Any CPU
		{CF8B7D85-699B-44C5-AA6C-E0E8DA2CCD45}.Debug|Any CPU.Build.0 = Debug|Any CPU
		{CF8B7D85-699B-44C5-AA6C-E0E8DA2CCD45}.Release|Any CPU.ActiveCfg = Release|Any CPU
		{CF8B7D85-699B-44C5-AA6C-E0E8DA2CCD45}.Release|Any CPU.Build.0 = Release|Any CPU
		{B54344E0-B357-4CF7-BF2D-A392D393AEE0}.Debug|Any CPU.ActiveCfg = Debug|Any CPU
		{B54344E0-B357-4CF7-BF2D-A392D393AEE0}.Debug|Any CPU.Build.0 = Debug|Any CPU
		{B54344E0-B357-4CF7-BF2D-A392D393AEE0}.Release|Any CPU.ActiveCfg = Release|Any CPU
		{B54344E0-B357-4CF7-BF2D-A392D393AEE0}.Release|Any CPU.Build.0 = Release|Any CPU
		{316DAB5A-9566-4169-B6D9-53F05808F7A8}.Debug|Any CPU.ActiveCfg = Debug|Any CPU
		{316DAB5A-9566-4169-B6D9-53F05808F7A8}.Debug|Any CPU.Build.0 = Debug|Any CPU
		{316DAB5A-9566-4169-B6D9-53F05808F7A8}.Release|Any CPU.ActiveCfg = Release|Any CPU
		{316DAB5A-9566-4169-B6D9-53F05808F7A8}.Release|Any CPU.Build.0 = Release|Any CPU
		{F624B7E3-42A6-4634-AD54-DF6EDBC97C74}.Debug|Any CPU.ActiveCfg = Debug|Any CPU
		{F624B7E3-42A6-4634-AD54-DF6EDBC97C74}.Debug|Any CPU.Build.0 = Debug|Any CPU
		{F624B7E3-42A6-4634-AD54-DF6EDBC97C74}.Release|Any CPU.ActiveCfg = Release|Any CPU
		{F624B7E3-42A6-4634-AD54-DF6EDBC97C74}.Release|Any CPU.Build.0 = Release|Any CPU
		{E05AD893-2F93-4CA7-AC0A-456339B3C756}.Debug|Any CPU.ActiveCfg = Debug|Any CPU
		{E05AD893-2F93-4CA7-AC0A-456339B3C756}.Debug|Any CPU.Build.0 = Debug|Any CPU
		{E05AD893-2F93-4CA7-AC0A-456339B3C756}.Release|Any CPU.ActiveCfg = Release|Any CPU
		{E05AD893-2F93-4CA7-AC0A-456339B3C756}.Release|Any CPU.Build.0 = Release|Any CPU
		{68BAA0A1-7796-41AE-AC75-C9A3B71F875F}.Debug|Any CPU.ActiveCfg = Debug|Any CPU
		{68BAA0A1-7796-41AE-AC75-C9A3B71F875F}.Debug|Any CPU.Build.0 = Debug|Any CPU
		{68BAA0A1-7796-41AE-AC75-C9A3B71F875F}.Release|Any CPU.ActiveCfg = Release|Any CPU
		{68BAA0A1-7796-41AE-AC75-C9A3B71F875F}.Release|Any CPU.Build.0 = Release|Any CPU
		{00ECEBEF-1F7B-47FC-8BB0-A2D4E1875225}.Debug|Any CPU.ActiveCfg = Debug|Any CPU
		{00ECEBEF-1F7B-47FC-8BB0-A2D4E1875225}.Debug|Any CPU.Build.0 = Debug|Any CPU
		{00ECEBEF-1F7B-47FC-8BB0-A2D4E1875225}.Release|Any CPU.ActiveCfg = Release|Any CPU
		{00ECEBEF-1F7B-47FC-8BB0-A2D4E1875225}.Release|Any CPU.Build.0 = Release|Any CPU
		{E312F674-ED2E-4098-89B0-BABB92FCF8D0}.Debug|Any CPU.ActiveCfg = Debug|Any CPU
		{E312F674-ED2E-4098-89B0-BABB92FCF8D0}.Debug|Any CPU.Build.0 = Debug|Any CPU
		{E312F674-ED2E-4098-89B0-BABB92FCF8D0}.Release|Any CPU.ActiveCfg = Release|Any CPU
		{E312F674-ED2E-4098-89B0-BABB92FCF8D0}.Release|Any CPU.Build.0 = Release|Any CPU
		{A1945D18-0334-4445-B411-BADB792B0FC5}.Debug|Any CPU.ActiveCfg = Debug|Any CPU
		{A1945D18-0334-4445-B411-BADB792B0FC5}.Debug|Any CPU.Build.0 = Debug|Any CPU
		{A1945D18-0334-4445-B411-BADB792B0FC5}.Release|Any CPU.ActiveCfg = Release|Any CPU
		{A1945D18-0334-4445-B411-BADB792B0FC5}.Release|Any CPU.Build.0 = Release|Any CPU
		{EA87EF8C-9DDA-479F-928F-3321031C293B}.Debug|Any CPU.ActiveCfg = Debug|Any CPU
		{EA87EF8C-9DDA-479F-928F-3321031C293B}.Debug|Any CPU.Build.0 = Debug|Any CPU
		{EA87EF8C-9DDA-479F-928F-3321031C293B}.Release|Any CPU.ActiveCfg = Release|Any CPU
		{EA87EF8C-9DDA-479F-928F-3321031C293B}.Release|Any CPU.Build.0 = Release|Any CPU
		{330076CC-45A4-427D-89D9-C6E6FC96263B}.Debug|Any CPU.ActiveCfg = Debug|Any CPU
		{330076CC-45A4-427D-89D9-C6E6FC96263B}.Debug|Any CPU.Build.0 = Debug|Any CPU
		{330076CC-45A4-427D-89D9-C6E6FC96263B}.Release|Any CPU.ActiveCfg = Release|Any CPU
		{330076CC-45A4-427D-89D9-C6E6FC96263B}.Release|Any CPU.Build.0 = Release|Any CPU
		{6AE74BE9-50C0-41F2-A96B-D53D01CDDFD8}.Debug|Any CPU.ActiveCfg = Debug|Any CPU
		{6AE74BE9-50C0-41F2-A96B-D53D01CDDFD8}.Debug|Any CPU.Build.0 = Debug|Any CPU
		{6AE74BE9-50C0-41F2-A96B-D53D01CDDFD8}.Release|Any CPU.ActiveCfg = Release|Any CPU
		{6AE74BE9-50C0-41F2-A96B-D53D01CDDFD8}.Release|Any CPU.Build.0 = Release|Any CPU
		{094BAF24-2D2B-4099-BC89-3F352E5CF3CC}.Debug|Any CPU.ActiveCfg = Debug|Any CPU
		{094BAF24-2D2B-4099-BC89-3F352E5CF3CC}.Debug|Any CPU.Build.0 = Debug|Any CPU
		{094BAF24-2D2B-4099-BC89-3F352E5CF3CC}.Release|Any CPU.ActiveCfg = Release|Any CPU
		{094BAF24-2D2B-4099-BC89-3F352E5CF3CC}.Release|Any CPU.Build.0 = Release|Any CPU
		{03A38308-4D00-41DC-B8A1-A236029D32E8}.Debug|Any CPU.ActiveCfg = Debug|Any CPU
		{03A38308-4D00-41DC-B8A1-A236029D32E8}.Debug|Any CPU.Build.0 = Debug|Any CPU
		{03A38308-4D00-41DC-B8A1-A236029D32E8}.Release|Any CPU.ActiveCfg = Release|Any CPU
		{03A38308-4D00-41DC-B8A1-A236029D32E8}.Release|Any CPU.Build.0 = Release|Any CPU
	EndGlobalSection
	GlobalSection(SolutionProperties) = preSolution
		HideSolutionNode = FALSE
	EndGlobalSection
	GlobalSection(ExtensibilityGlobals) = postSolution
		SolutionGuid = {6306B1D4-C2FF-43E4-BDB3-935424E3E04E}
	EndGlobalSection
EndGlobal
