
Microsoft Visual Studio Solution File, Format Version 12.00
# Visual Studio Version 17
VisualStudioVersion = 17.0.31903.59
MinimumVisualStudioVersion = 10.0.40219.1
Project("{FAE04EC0-301F-11D3-BF4B-00C04F79EFBC}") = "01_Generics", "01_Generics\01_Generics.csproj", "{6156888B-5A5C-4D2F-9A26-02401E58AE79}"
EndProject
Project("{FAE04EC0-301F-11D3-BF4B-00C04F79EFBC}") = "02_Generics", "02_Generics\02_Generics.csproj", "{EC3E9378-F42A-409F-AADA-7495A89880F5}"
EndProject
Project("{FAE04EC0-301F-11D3-BF4B-00C04F79EFBC}") = "03_Exercicio", "03_Exercicio\03_Exercicio.csproj", "{56294B57-283C-416B-A265-55D299D51A9F}"
EndProject
Project("{FAE04EC0-301F-11D3-BF4B-00C04F79EFBC}") = "04_GetHashCode_Equals", "04_GetHashCode_Equals\04_GetHashCode_Equals.csproj", "{4A2D7CAB-6EDC-423F-A847-1CD034948EB3}"
EndProject
Project("{FAE04EC0-301F-11D3-BF4B-00C04F79EFBC}") = "05_Exemplo", "05_Exemplo\05_Exemplo.csproj", "{6935F17A-A2EC-43C4-A3F6-801AB3E41E41}"
EndProject
Project("{FAE04EC0-301F-11D3-BF4B-00C04F79EFBC}") = "06_Dictionary", "06_Dictionary\06_Dictionary.csproj", "{B6830D90-43AA-43E7-B8FF-4CD6242CBA16}"
EndProject
Project("{FAE04EC0-301F-11D3-BF4B-00C04F79EFBC}") = "07_Exercicio", "07_Exercicio\07_Exercicio.csproj", "{55A22304-E30E-4086-BD1A-D14CEE5902AD}"
EndProject
Project("{FAE04EC0-301F-11D3-BF4B-00C04F79EFBC}") = "08_SortedDictionary", "08_SortedDictionary\08_SortedDictionary.csproj", "{BCAAC4FB-F2A6-474D-BAB9-BD7ABE2E9008}"
EndProject
Project("{FAE04EC0-301F-11D3-BF4B-00C04F79EFBC}") = "09_HashSet", "09_HashSet\09_HashSet.csproj", "{807515FD-BB60-491D-B260-6C65D8CFEAE3}"
EndProject
Project("{FAE04EC0-301F-11D3-BF4B-00C04F79EFBC}") = "10_SortedSet", "10_SortedSet\10_SortedSet.csproj", "{49D41DF4-E824-4BF0-B46E-6B597974AE9B}"
EndProject
Project("{FAE04EC0-301F-11D3-BF4B-00C04F79EFBC}") = "11_Stack", "11_Stack\11_Stack.csproj", "{D45A73B5-A9E4-4361-9423-AE22FF211FB2}"
EndProject
Project("{FAE04EC0-301F-11D3-BF4B-00C04F79EFBC}") = "12_StackUndo", "12_StackUndo\12_StackUndo.csproj", "{087F1213-3F60-4C10-ACB8-F21D642D50C1}"
EndProject
Project("{FAE04EC0-301F-11D3-BF4B-00C04F79EFBC}") = "13_Queue", "13_Queue\13_Queue.csproj", "{240691A9-5D5C-4733-9120-61DBC1AA0DD2}"
EndProject
Project("{FAE04EC0-301F-11D3-BF4B-00C04F79EFBC}") = "14_Exercicio_Queue", "14_Exercicio_Queue\14_Exercicio_Queue.csproj", "{03E74905-054B-420F-8B37-0E86BDD13DAD}"
EndProject
Project("{FAE04EC0-301F-11D3-BF4B-00C04F79EFBC}") = "15_ReadOnlyCollection", "15_ReadOnlyCollection\15_ReadOnlyCollection.csproj", "{D817B7DF-D48D-42E2-BBF1-889A5A27FE25}"
EndProject
Project("{FAE04EC0-301F-11D3-BF4B-00C04F79EFBC}") = "16_Exercicio_ReadOnlyColletion", "16_Exercicio_ReadOnlyColletion\16_Exercicio_ReadOnlyColletion.csproj", "{843C5738-A7C9-4FA2-A4B8-35741467A2DB}"
EndProject
Global
	GlobalSection(SolutionConfigurationPlatforms) = preSolution
		Debug|Any CPU = Debug|Any CPU
		Release|Any CPU = Release|Any CPU
	EndGlobalSection
	GlobalSection(ProjectConfigurationPlatforms) = postSolution
		{6156888B-5A5C-4D2F-9A26-02401E58AE79}.Debug|Any CPU.ActiveCfg = Debug|Any CPU
		{6156888B-5A5C-4D2F-9A26-02401E58AE79}.Debug|Any CPU.Build.0 = Debug|Any CPU
		{6156888B-5A5C-4D2F-9A26-02401E58AE79}.Release|Any CPU.ActiveCfg = Release|Any CPU
		{6156888B-5A5C-4D2F-9A26-02401E58AE79}.Release|Any CPU.Build.0 = Release|Any CPU
		{EC3E9378-F42A-409F-AADA-7495A89880F5}.Debug|Any CPU.ActiveCfg = Debug|Any CPU
		{EC3E9378-F42A-409F-AADA-7495A89880F5}.Debug|Any CPU.Build.0 = Debug|Any CPU
		{EC3E9378-F42A-409F-AADA-7495A89880F5}.Release|Any CPU.ActiveCfg = Release|Any CPU
		{EC3E9378-F42A-409F-AADA-7495A89880F5}.Release|Any CPU.Build.0 = Release|Any CPU
		{56294B57-283C-416B-A265-55D299D51A9F}.Debug|Any CPU.ActiveCfg = Debug|Any CPU
		{56294B57-283C-416B-A265-55D299D51A9F}.Debug|Any CPU.Build.0 = Debug|Any CPU
		{56294B57-283C-416B-A265-55D299D51A9F}.Release|Any CPU.ActiveCfg = Release|Any CPU
		{56294B57-283C-416B-A265-55D299D51A9F}.Release|Any CPU.Build.0 = Release|Any CPU
		{4A2D7CAB-6EDC-423F-A847-1CD034948EB3}.Debug|Any CPU.ActiveCfg = Debug|Any CPU
		{4A2D7CAB-6EDC-423F-A847-1CD034948EB3}.Debug|Any CPU.Build.0 = Debug|Any CPU
		{4A2D7CAB-6EDC-423F-A847-1CD034948EB3}.Release|Any CPU.ActiveCfg = Release|Any CPU
		{4A2D7CAB-6EDC-423F-A847-1CD034948EB3}.Release|Any CPU.Build.0 = Release|Any CPU
		{6935F17A-A2EC-43C4-A3F6-801AB3E41E41}.Debug|Any CPU.ActiveCfg = Debug|Any CPU
		{6935F17A-A2EC-43C4-A3F6-801AB3E41E41}.Debug|Any CPU.Build.0 = Debug|Any CPU
		{6935F17A-A2EC-43C4-A3F6-801AB3E41E41}.Release|Any CPU.ActiveCfg = Release|Any CPU
		{6935F17A-A2EC-43C4-A3F6-801AB3E41E41}.Release|Any CPU.Build.0 = Release|Any CPU
		{B6830D90-43AA-43E7-B8FF-4CD6242CBA16}.Debug|Any CPU.ActiveCfg = Debug|Any CPU
		{B6830D90-43AA-43E7-B8FF-4CD6242CBA16}.Debug|Any CPU.Build.0 = Debug|Any CPU
		{B6830D90-43AA-43E7-B8FF-4CD6242CBA16}.Release|Any CPU.ActiveCfg = Release|Any CPU
		{B6830D90-43AA-43E7-B8FF-4CD6242CBA16}.Release|Any CPU.Build.0 = Release|Any CPU
		{55A22304-E30E-4086-BD1A-D14CEE5902AD}.Debug|Any CPU.ActiveCfg = Debug|Any CPU
		{55A22304-E30E-4086-BD1A-D14CEE5902AD}.Debug|Any CPU.Build.0 = Debug|Any CPU
		{55A22304-E30E-4086-BD1A-D14CEE5902AD}.Release|Any CPU.ActiveCfg = Release|Any CPU
		{55A22304-E30E-4086-BD1A-D14CEE5902AD}.Release|Any CPU.Build.0 = Release|Any CPU
		{BCAAC4FB-F2A6-474D-BAB9-BD7ABE2E9008}.Debug|Any CPU.ActiveCfg = Debug|Any CPU
		{BCAAC4FB-F2A6-474D-BAB9-BD7ABE2E9008}.Debug|Any CPU.Build.0 = Debug|Any CPU
		{BCAAC4FB-F2A6-474D-BAB9-BD7ABE2E9008}.Release|Any CPU.ActiveCfg = Release|Any CPU
		{BCAAC4FB-F2A6-474D-BAB9-BD7ABE2E9008}.Release|Any CPU.Build.0 = Release|Any CPU
		{807515FD-BB60-491D-B260-6C65D8CFEAE3}.Debug|Any CPU.ActiveCfg = Debug|Any CPU
		{807515FD-BB60-491D-B260-6C65D8CFEAE3}.Debug|Any CPU.Build.0 = Debug|Any CPU
		{807515FD-BB60-491D-B260-6C65D8CFEAE3}.Release|Any CPU.ActiveCfg = Release|Any CPU
		{807515FD-BB60-491D-B260-6C65D8CFEAE3}.Release|Any CPU.Build.0 = Release|Any CPU
		{49D41DF4-E824-4BF0-B46E-6B597974AE9B}.Debug|Any CPU.ActiveCfg = Debug|Any CPU
		{49D41DF4-E824-4BF0-B46E-6B597974AE9B}.Debug|Any CPU.Build.0 = Debug|Any CPU
		{49D41DF4-E824-4BF0-B46E-6B597974AE9B}.Release|Any CPU.ActiveCfg = Release|Any CPU
		{49D41DF4-E824-4BF0-B46E-6B597974AE9B}.Release|Any CPU.Build.0 = Release|Any CPU
		{D45A73B5-A9E4-4361-9423-AE22FF211FB2}.Debug|Any CPU.ActiveCfg = Debug|Any CPU
		{D45A73B5-A9E4-4361-9423-AE22FF211FB2}.Debug|Any CPU.Build.0 = Debug|Any CPU
		{D45A73B5-A9E4-4361-9423-AE22FF211FB2}.Release|Any CPU.ActiveCfg = Release|Any CPU
		{D45A73B5-A9E4-4361-9423-AE22FF211FB2}.Release|Any CPU.Build.0 = Release|Any CPU
		{087F1213-3F60-4C10-ACB8-F21D642D50C1}.Debug|Any CPU.ActiveCfg = Debug|Any CPU
		{087F1213-3F60-4C10-ACB8-F21D642D50C1}.Debug|Any CPU.Build.0 = Debug|Any CPU
		{087F1213-3F60-4C10-ACB8-F21D642D50C1}.Release|Any CPU.ActiveCfg = Release|Any CPU
		{087F1213-3F60-4C10-ACB8-F21D642D50C1}.Release|Any CPU.Build.0 = Release|Any CPU
		{240691A9-5D5C-4733-9120-61DBC1AA0DD2}.Debug|Any CPU.ActiveCfg = Debug|Any CPU
		{240691A9-5D5C-4733-9120-61DBC1AA0DD2}.Debug|Any CPU.Build.0 = Debug|Any CPU
		{240691A9-5D5C-4733-9120-61DBC1AA0DD2}.Release|Any CPU.ActiveCfg = Release|Any CPU
		{240691A9-5D5C-4733-9120-61DBC1AA0DD2}.Release|Any CPU.Build.0 = Release|Any CPU
		{03E74905-054B-420F-8B37-0E86BDD13DAD}.Debug|Any CPU.ActiveCfg = Debug|Any CPU
		{03E74905-054B-420F-8B37-0E86BDD13DAD}.Debug|Any CPU.Build.0 = Debug|Any CPU
		{03E74905-054B-420F-8B37-0E86BDD13DAD}.Release|Any CPU.ActiveCfg = Release|Any CPU
		{03E74905-054B-420F-8B37-0E86BDD13DAD}.Release|Any CPU.Build.0 = Release|Any CPU
		{D817B7DF-D48D-42E2-BBF1-889A5A27FE25}.Debug|Any CPU.ActiveCfg = Debug|Any CPU
		{D817B7DF-D48D-42E2-BBF1-889A5A27FE25}.Debug|Any CPU.Build.0 = Debug|Any CPU
		{D817B7DF-D48D-42E2-BBF1-889A5A27FE25}.Release|Any CPU.ActiveCfg = Release|Any CPU
		{D817B7DF-D48D-42E2-BBF1-889A5A27FE25}.Release|Any CPU.Build.0 = Release|Any CPU
		{843C5738-A7C9-4FA2-A4B8-35741467A2DB}.Debug|Any CPU.ActiveCfg = Debug|Any CPU
		{843C5738-A7C9-4FA2-A4B8-35741467A2DB}.Debug|Any CPU.Build.0 = Debug|Any CPU
		{843C5738-A7C9-4FA2-A4B8-35741467A2DB}.Release|Any CPU.ActiveCfg = Release|Any CPU
		{843C5738-A7C9-4FA2-A4B8-35741467A2DB}.Release|Any CPU.Build.0 = Release|Any CPU
	EndGlobalSection
	GlobalSection(SolutionProperties) = preSolution
		HideSolutionNode = FALSE
	EndGlobalSection
EndGlobal
