
Microsoft Visual Studio Solution File, Format Version 12.00
# Visual Studio Version 17
VisualStudioVersion = 17.11.35219.272
MinimumVisualStudioVersion = 10.0.40219.1
Project("{9A19103F-16F7-4668-BE54-9A1E7A4F7556}") = "01_Arrays", "01_Arrays\01_Arrays.csproj", "{DF14D3CC-982B-4C12-B9D0-565E7FAD0360}"
EndProject
Project("{9A19103F-16F7-4668-BE54-9A1E7A4F7556}") = "02_ClasseArray", "02_ClasseArray\02_ClasseArray.csproj", "{881A493E-D1B0-4B87-85F0-54A1A5F94D5F}"
EndProject
Project("{9A19103F-16F7-4668-BE54-9A1E7A4F7556}") = "03_Exercicio", "03_Exercicio\03_Exercicio.csproj", "{5D9F7C9E-7F20-4DE0-A302-8383658B7ADE}"
EndProject
Project("{9A19103F-16F7-4668-BE54-9A1E7A4F7556}") = "04_ModificadorParams", "04_ModificadorParams\04_ModificadorParams.csproj", "{2A19A178-507C-4A60-9A69-53AF9E15A9C3}"
EndProject
Project("{9A19103F-16F7-4668-BE54-9A1E7A4F7556}") = "05_ArraysMultidimensionais", "05_ArraysMultidimensionais\05_ArraysMultidimensionais.csproj", "{FDFA2DCA-C675-455E-94CA-8929B6E20727}"
EndProject
Project("{9A19103F-16F7-4668-BE54-9A1E7A4F7556}") = "06_ Exercicio", "06_ Exercicio\06_ Exercicio.csproj", "{52D3F700-3D0B-47CE-81F4-578BAB089A8C}"
EndProject
Project("{9A19103F-16F7-4668-BE54-9A1E7A4F7556}") = "07_ArrayList", "07_ArrayList\07_ArrayList.csproj", "{BDF38726-E7E6-4731-9E5D-F8CD998D8038}"
EndProject
Project("{9A19103F-16F7-4668-BE54-9A1E7A4F7556}") = "08_List", "08_List\08_List.csproj", "{270AE367-AE74-462B-97EB-5540B5E35D3F}"
EndProject
Project("{9A19103F-16F7-4668-BE54-9A1E7A4F7556}") = "09_MetodosFind", "09_MetodosFind\09_MetodosFind.csproj", "{0FAD53A3-31C1-4B2A-849E-0D38B7A9807D}"
EndProject
Project("{9A19103F-16F7-4668-BE54-9A1E7A4F7556}") = "10_ IEnumerable", "10_ IEnumerable\10_ IEnumerable.csproj", "{4148FA02-ECAE-4726-8034-D36BD8488E0B}"
EndProject
Project("{FAE04EC0-301F-11D3-BF4B-00C04F79EFBC}") = "11_Exercício", "11_Exercício\11_Exercício.csproj", "{7F11FB0E-2EEB-40A9-9126-E5515C17BD09}"
EndProject
Project("{FAE04EC0-301F-11D3-BF4B-00C04F79EFBC}") = "12_Indexadores", "12_Indexadores\12_Indexadores.csproj", "{A5D992BC-4D2A-4CC6-A47C-BD7C0558F666}"
EndProject
Project("{FAE04EC0-301F-11D3-BF4B-00C04F79EFBC}") = "13_ClassRandom", "13_ClassRandom\13_ClassRandom.csproj", "{81ED2126-9EF8-44FE-A1D2-D94446824C9B}"
EndProject
Global
	GlobalSection(SolutionConfigurationPlatforms) = preSolution
		Debug|Any CPU = Debug|Any CPU
		Release|Any CPU = Release|Any CPU
	EndGlobalSection
	GlobalSection(ProjectConfigurationPlatforms) = postSolution
		{DF14D3CC-982B-4C12-B9D0-565E7FAD0360}.Debug|Any CPU.ActiveCfg = Debug|Any CPU
		{DF14D3CC-982B-4C12-B9D0-565E7FAD0360}.Debug|Any CPU.Build.0 = Debug|Any CPU
		{DF14D3CC-982B-4C12-B9D0-565E7FAD0360}.Release|Any CPU.ActiveCfg = Release|Any CPU
		{DF14D3CC-982B-4C12-B9D0-565E7FAD0360}.Release|Any CPU.Build.0 = Release|Any CPU
		{881A493E-D1B0-4B87-85F0-54A1A5F94D5F}.Debug|Any CPU.ActiveCfg = Debug|Any CPU
		{881A493E-D1B0-4B87-85F0-54A1A5F94D5F}.Debug|Any CPU.Build.0 = Debug|Any CPU
		{881A493E-D1B0-4B87-85F0-54A1A5F94D5F}.Release|Any CPU.ActiveCfg = Release|Any CPU
		{881A493E-D1B0-4B87-85F0-54A1A5F94D5F}.Release|Any CPU.Build.0 = Release|Any CPU
		{5D9F7C9E-7F20-4DE0-A302-8383658B7ADE}.Debug|Any CPU.ActiveCfg = Debug|Any CPU
		{5D9F7C9E-7F20-4DE0-A302-8383658B7ADE}.Debug|Any CPU.Build.0 = Debug|Any CPU
		{5D9F7C9E-7F20-4DE0-A302-8383658B7ADE}.Release|Any CPU.ActiveCfg = Release|Any CPU
		{5D9F7C9E-7F20-4DE0-A302-8383658B7ADE}.Release|Any CPU.Build.0 = Release|Any CPU
		{2A19A178-507C-4A60-9A69-53AF9E15A9C3}.Debug|Any CPU.ActiveCfg = Debug|Any CPU
		{2A19A178-507C-4A60-9A69-53AF9E15A9C3}.Debug|Any CPU.Build.0 = Debug|Any CPU
		{2A19A178-507C-4A60-9A69-53AF9E15A9C3}.Release|Any CPU.ActiveCfg = Release|Any CPU
		{2A19A178-507C-4A60-9A69-53AF9E15A9C3}.Release|Any CPU.Build.0 = Release|Any CPU
		{FDFA2DCA-C675-455E-94CA-8929B6E20727}.Debug|Any CPU.ActiveCfg = Debug|Any CPU
		{FDFA2DCA-C675-455E-94CA-8929B6E20727}.Debug|Any CPU.Build.0 = Debug|Any CPU
		{FDFA2DCA-C675-455E-94CA-8929B6E20727}.Release|Any CPU.ActiveCfg = Release|Any CPU
		{FDFA2DCA-C675-455E-94CA-8929B6E20727}.Release|Any CPU.Build.0 = Release|Any CPU
		{52D3F700-3D0B-47CE-81F4-578BAB089A8C}.Debug|Any CPU.ActiveCfg = Debug|Any CPU
		{52D3F700-3D0B-47CE-81F4-578BAB089A8C}.Debug|Any CPU.Build.0 = Debug|Any CPU
		{52D3F700-3D0B-47CE-81F4-578BAB089A8C}.Release|Any CPU.ActiveCfg = Release|Any CPU
		{52D3F700-3D0B-47CE-81F4-578BAB089A8C}.Release|Any CPU.Build.0 = Release|Any CPU
		{BDF38726-E7E6-4731-9E5D-F8CD998D8038}.Debug|Any CPU.ActiveCfg = Debug|Any CPU
		{BDF38726-E7E6-4731-9E5D-F8CD998D8038}.Debug|Any CPU.Build.0 = Debug|Any CPU
		{BDF38726-E7E6-4731-9E5D-F8CD998D8038}.Release|Any CPU.ActiveCfg = Release|Any CPU
		{BDF38726-E7E6-4731-9E5D-F8CD998D8038}.Release|Any CPU.Build.0 = Release|Any CPU
		{270AE367-AE74-462B-97EB-5540B5E35D3F}.Debug|Any CPU.ActiveCfg = Debug|Any CPU
		{270AE367-AE74-462B-97EB-5540B5E35D3F}.Debug|Any CPU.Build.0 = Debug|Any CPU
		{270AE367-AE74-462B-97EB-5540B5E35D3F}.Release|Any CPU.ActiveCfg = Release|Any CPU
		{270AE367-AE74-462B-97EB-5540B5E35D3F}.Release|Any CPU.Build.0 = Release|Any CPU
		{0FAD53A3-31C1-4B2A-849E-0D38B7A9807D}.Debug|Any CPU.ActiveCfg = Debug|Any CPU
		{0FAD53A3-31C1-4B2A-849E-0D38B7A9807D}.Debug|Any CPU.Build.0 = Debug|Any CPU
		{0FAD53A3-31C1-4B2A-849E-0D38B7A9807D}.Release|Any CPU.ActiveCfg = Release|Any CPU
		{0FAD53A3-31C1-4B2A-849E-0D38B7A9807D}.Release|Any CPU.Build.0 = Release|Any CPU
		{4148FA02-ECAE-4726-8034-D36BD8488E0B}.Debug|Any CPU.ActiveCfg = Debug|Any CPU
		{4148FA02-ECAE-4726-8034-D36BD8488E0B}.Debug|Any CPU.Build.0 = Debug|Any CPU
		{4148FA02-ECAE-4726-8034-D36BD8488E0B}.Release|Any CPU.ActiveCfg = Release|Any CPU
		{4148FA02-ECAE-4726-8034-D36BD8488E0B}.Release|Any CPU.Build.0 = Release|Any CPU
		{7F11FB0E-2EEB-40A9-9126-E5515C17BD09}.Debug|Any CPU.ActiveCfg = Debug|Any CPU
		{7F11FB0E-2EEB-40A9-9126-E5515C17BD09}.Debug|Any CPU.Build.0 = Debug|Any CPU
		{7F11FB0E-2EEB-40A9-9126-E5515C17BD09}.Release|Any CPU.ActiveCfg = Release|Any CPU
		{7F11FB0E-2EEB-40A9-9126-E5515C17BD09}.Release|Any CPU.Build.0 = Release|Any CPU
		{A5D992BC-4D2A-4CC6-A47C-BD7C0558F666}.Debug|Any CPU.ActiveCfg = Debug|Any CPU
		{A5D992BC-4D2A-4CC6-A47C-BD7C0558F666}.Debug|Any CPU.Build.0 = Debug|Any CPU
		{A5D992BC-4D2A-4CC6-A47C-BD7C0558F666}.Release|Any CPU.ActiveCfg = Release|Any CPU
		{A5D992BC-4D2A-4CC6-A47C-BD7C0558F666}.Release|Any CPU.Build.0 = Release|Any CPU
		{81ED2126-9EF8-44FE-A1D2-D94446824C9B}.Debug|Any CPU.ActiveCfg = Debug|Any CPU
		{81ED2126-9EF8-44FE-A1D2-D94446824C9B}.Debug|Any CPU.Build.0 = Debug|Any CPU
		{81ED2126-9EF8-44FE-A1D2-D94446824C9B}.Release|Any CPU.ActiveCfg = Release|Any CPU
		{81ED2126-9EF8-44FE-A1D2-D94446824C9B}.Release|Any CPU.Build.0 = Release|Any CPU
	EndGlobalSection
	GlobalSection(SolutionProperties) = preSolution
		HideSolutionNode = FALSE
	EndGlobalSection
	GlobalSection(ExtensibilityGlobals) = postSolution
		SolutionGuid = {A787FE93-0D85-49C3-BEF3-CB210502C081}
	EndGlobalSection
EndGlobal
