
Microsoft Visual Studio Solution File, Format Version 12.00
# Visual Studio Version 17
VisualStudioVersion = 17.5.002.0
MinimumVisualStudioVersion = 10.0.40219.1
Project("{9A19103F-16F7-4668-BE54-9A1E7A4F7556}") = "EX4", "EX4.csproj", "{5239993F-69D1-4646-B14F-722A6EF3B150}"
EndProject
Global
	GlobalSection(SolutionConfigurationPlatforms) = preSolution
		Debug|Any CPU = Debug|Any CPU
		Release|Any CPU = Release|Any CPU
	EndGlobalSection
	GlobalSection(ProjectConfigurationPlatforms) = postSolution
		{5239993F-69D1-4646-B14F-722A6EF3B150}.Debug|Any CPU.ActiveCfg = Debug|Any CPU
		{5239993F-69D1-4646-B14F-722A6EF3B150}.Debug|Any CPU.Build.0 = Debug|Any CPU
		{5239993F-69D1-4646-B14F-722A6EF3B150}.Release|Any CPU.ActiveCfg = Release|Any CPU
		{5239993F-69D1-4646-B14F-722A6EF3B150}.Release|Any CPU.Build.0 = Release|Any CPU
	EndGlobalSection
	GlobalSection(SolutionProperties) = preSolution
		HideSolutionNode = FALSE
	EndGlobalSection
	GlobalSection(ExtensibilityGlobals) = postSolution
		SolutionGuid = {A51D658C-7FA8-4F86-AE34-BA6485FAEF03}
	EndGlobalSection
EndGlobal
